{
  "name": "grace-htmx",
  "version": "2.0.0",
  "lockfileVersion": 3,
  "requires": true,
  "packages": {
    "": {
      "name": "grace-htmx",
      "version": "2.0.0",
      "license": "ISC",
      "dependencies": {
        "htmx.org": "^4.0.0"
      }
    },
    "node_modules/htmx.org": {
      "version": "4.0.0",
      "resolved": "https://registry.npmmirror.com/htmx.org/-/htmx.org-4.0.0.tgz",
      "integrity": "sha512-T/171FUY93Kdfp8t+DnHdk45QvKRiBhVhhrwSzrXgUi4pHKvhp77dUA/qg8FAjsFWPIHNbmUuIdCrcVHuiZWng==",
      "license": "BSD-0-Clause",
      "workspaces": [
        "ext/*"
      ],
      "bin": {
        "upgrade-check": "dist/scripts/upgrade-check.js"
      }
    }
  }
}
